
Microsoft Visual Studio Solution File, Format Version 12.00
# Visual Studio Version 16
VisualStudioVersion = 16.0.30804.86
MinimumVisualStudioVersion = 10.0.40219.1
Project("{FAE04EC0-301F-11D3-BF4B-00C04F79EFBC}") = "DockerWebProject", "DockerWebProject.csproj", "{1727FA97-F549-454D-8C56-07177560501B}"
EndProject
Project("{FAE04EC0-301F-11D3-BF4B-00C04F79EFBC}") = "DbConnect", "..\DbConnect\DbConnect.csproj", "{D101D147-5F74-4874-80D2-365BF8E19F40}"
EndProject
Project("{E53339B2-1760-4266-BCC7-CA923CBCF16C}") = "docker-compose", "docker-compose.dcproj", "{0C0EC7CE-9751-4E2E-9A4A-3ED44B896A49}"
EndProject
Global
	GlobalSection(SolutionConfigurationPlatforms) = preSolution
		Debug|Any CPU = Debug|Any CPU
		Release|Any CPU = Release|Any CPU
	EndGlobalSection
	GlobalSection(ProjectConfigurationPlatforms) = postSolution
		{1727FA97-F549-454D-8C56-07177560501B}.Debug|Any CPU.ActiveCfg = Debug|Any CPU
		{1727FA97-F549-454D-8C56-07177560501B}.Debug|Any CPU.Build.0 = Debug|Any CPU
		{1727FA97-F549-454D-8C56-07177560501B}.Release|Any CPU.ActiveCfg = Release|Any CPU
		{1727FA97-F549-454D-8C56-07177560501B}.Release|Any CPU.Build.0 = Release|Any CPU
		{D101D147-5F74-4874-80D2-365BF8E19F40}.Debug|Any CPU.ActiveCfg = Debug|Any CPU
		{D101D147-5F74-4874-80D2-365BF8E19F40}.Debug|Any CPU.Build.0 = Debug|Any CPU
		{D101D147-5F74-4874-80D2-365BF8E19F40}.Release|Any CPU.ActiveCfg = Release|Any CPU
		{D101D147-5F74-4874-80D2-365BF8E19F40}.Release|Any CPU.Build.0 = Release|Any CPU
		{0C0EC7CE-9751-4E2E-9A4A-3ED44B896A49}.Debug|Any CPU.ActiveCfg = Debug|Any CPU
		{0C0EC7CE-9751-4E2E-9A4A-3ED44B896A49}.Debug|Any CPU.Build.0 = Debug|Any CPU
		{0C0EC7CE-9751-4E2E-9A4A-3ED44B896A49}.Release|Any CPU.ActiveCfg = Release|Any CPU
		{0C0EC7CE-9751-4E2E-9A4A-3ED44B896A49}.Release|Any CPU.Build.0 = Release|Any CPU
	EndGlobalSection
	GlobalSection(SolutionProperties) = preSolution
		HideSolutionNode = FALSE
	EndGlobalSection
	GlobalSection(ExtensibilityGlobals) = postSolution
		SolutionGuid = {1F380364-FC6A-4E65-9A1D-61DA1210D8F8}
	EndGlobalSection
EndGlobal
